// !$*UTF8*$!
{
	archiveVersion = 1;
	classes = {
	};
	objectVersion = 46;
	objects = {

/* Begin PBXBuildFile section */
		D52938B21D48103C003CCD2A /* CoreDataStack.swift in Sources */ = {isa = PBXBuildFile; fileRef = D52938B11D48103C003CCD2A /* CoreDataStack.swift */; };
		D567A7401D677D7A008F28AA /* PhotoAlbumViewFlowLayout.swift in Sources */ = {isa = PBXBuildFile; fileRef = D567A73F1D677D7A008F28AA /* PhotoAlbumViewFlowLayout.swift */; };
		D567A7421D6A1F38008F28AA /* Extension_NSFetchRequest.swift in Sources */ = {isa = PBXBuildFile; fileRef = D567A7411D6A1F38008F28AA /* Extension_NSFetchRequest.swift */; };
		D592243D1D416809000D644B /* MapKit.framework in Frameworks */ = {isa = PBXBuildFile; fileRef = D592243C1D416809000D644B /* MapKit.framework */; };
		D592243F1D44090A000D644B /* MapModel.swift in Sources */ = {isa = PBXBuildFile; fileRef = D592243E1D44090A000D644B /* MapModel.swift */; };
		D59224421D46C119000D644B /* Extension_CLLocationCoordinate2D.swift in Sources */ = {isa = PBXBuildFile; fileRef = D59224411D46C119000D644B /* Extension_CLLocationCoordinate2D.swift */; };
		D59C88F21D41591100620064 /* AppDelegate.swift in Sources */ = {isa = PBXBuildFile; fileRef = D59C88F11D41591100620064 /* AppDelegate.swift */; };
		D59C88F41D41591100620064 /* MapViewController.swift in Sources */ = {isa = PBXBuildFile; fileRef = D59C88F31D41591100620064 /* MapViewController.swift */; };
		D59C88F71D41591100620064 /* Main.storyboard in Resources */ = {isa = PBXBuildFile; fileRef = D59C88F51D41591100620064 /* Main.storyboard */; };
		D59C88FA1D41591100620064 /* Virtual_Tourist.xcdatamodeld in Sources */ = {isa = PBXBuildFile; fileRef = D59C88F81D41591100620064 /* Virtual_Tourist.xcdatamodeld */; };
		D59C88FC1D41591100620064 /* Assets.xcassets in Resources */ = {isa = PBXBuildFile; fileRef = D59C88FB1D41591100620064 /* Assets.xcassets */; };
		D59C88FF1D41591100620064 /* LaunchScreen.storyboard in Resources */ = {isa = PBXBuildFile; fileRef = D59C88FD1D41591100620064 /* LaunchScreen.storyboard */; };
		D59C89151D41591100620064 /* Virtual_TouristUITests.swift in Sources */ = {isa = PBXBuildFile; fileRef = D59C89141D41591100620064 /* Virtual_TouristUITests.swift */; };
		D5C321A51D56B20600677C11 /* Pin+CoreDataProperties.swift in Sources */ = {isa = PBXBuildFile; fileRef = D5C321A11D56B20600677C11 /* Pin+CoreDataProperties.swift */; };
		D5C321A61D56B20600677C11 /* Pin.swift in Sources */ = {isa = PBXBuildFile; fileRef = D5C321A21D56B20600677C11 /* Pin.swift */; };
		D5C321A71D56B20600677C11 /* Photo+CoreDataProperties.swift in Sources */ = {isa = PBXBuildFile; fileRef = D5C321A31D56B20600677C11 /* Photo+CoreDataProperties.swift */; };
		D5C321A81D56B20600677C11 /* Photo.swift in Sources */ = {isa = PBXBuildFile; fileRef = D5C321A41D56B20600677C11 /* Photo.swift */; };
		D5C321D31D5A5E7000677C11 /* PhotoAlbumViewController.swift in Sources */ = {isa = PBXBuildFile; fileRef = D5C321D21D5A5E7000677C11 /* PhotoAlbumViewController.swift */; };
		D5DCB9BC1D5E46390083E26B /* Info.plist in Resources */ = {isa = PBXBuildFile; fileRef = D5DCB9BA1D5E46390083E26B /* Info.plist */; };
		D5DCB9BD1D5E46390083E26B /* Virtual_TouristTests.swift in Sources */ = {isa = PBXBuildFile; fileRef = D5DCB9BB1D5E46390083E26B /* Virtual_TouristTests.swift */; };
		D5DCB9C01D5E46750083E26B /* Flickr.swift in Sources */ = {isa = PBXBuildFile; fileRef = D5DCB9BE1D5E46750083E26B /* Flickr.swift */; };
		D5DCB9C11D5E46750083E26B /* FlickrConstants.swift in Sources */ = {isa = PBXBuildFile; fileRef = D5DCB9BF1D5E46750083E26B /* FlickrConstants.swift */; };
		D5DCB9C51D60391C0083E26B /* Extension_NSNotificationCenter.swift in Sources */ = {isa = PBXBuildFile; fileRef = D5DCB9C41D60391C0083E26B /* Extension_NSNotificationCenter.swift */; };
		D5DCB9C71D623F740083E26B /* OperatorOverloads.swift in Sources */ = {isa = PBXBuildFile; fileRef = D5DCB9C61D623F740083E26B /* OperatorOverloads.swift */; };
		D5DCB9C91D663D220083E26B /* Extension_SCNetworkReachability.swift in Sources */ = {isa = PBXBuildFile; fileRef = D5DCB9C81D663D220083E26B /* Extension_SCNetworkReachability.swift */; };
/* End PBXBuildFile section */

/* Begin PBXContainerItemProxy section */
		D59C89061D41591100620064 /* PBXContainerItemProxy */ = {
			isa = PBXContainerItemProxy;
			containerPortal = D59C88E61D41591100620064 /* Project object */;
			proxyType = 1;
			remoteGlobalIDString = D59C88ED1D41591100620064;
			remoteInfo = "Virtual Tourist";
		};
		D59C89111D41591100620064 /* PBXContainerItemProxy */ = {
			isa = PBXContainerItemProxy;
			containerPortal = D59C88E61D41591100620064 /* Project object */;
			proxyType = 1;
			remoteGlobalIDString = D59C88ED1D41591100620064;
			remoteInfo = "Virtual Tourist";
		};
/* End PBXContainerItemProxy section */

/* Begin PBXFileReference section */
		D52938B11D48103C003CCD2A /* CoreDataStack.swift */ = {isa = PBXFileReference; fileEncoding = 4; lastKnownFileType = sourcecode.swift; path = CoreDataStack.swift; sourceTree = "<group>"; };
		D567A73F1D677D7A008F28AA /* PhotoAlbumViewFlowLayout.swift */ = {isa = PBXFileReference; fileEncoding = 4; lastKnownFileType = sourcecode.swift; path = PhotoAlbumViewFlowLayout.swift; sourceTree = "<group>"; };
		D567A7411D6A1F38008F28AA /* Extension_NSFetchRequest.swift */ = {isa = PBXFileReference; fileEncoding = 4; lastKnownFileType = sourcecode.swift; path = Extension_NSFetchRequest.swift; sourceTree = "<group>"; };
		D592243C1D416809000D644B /* MapKit.framework */ = {isa = PBXFileReference; lastKnownFileType = wrapper.framework; name = MapKit.framework; path = System/Library/Frameworks/MapKit.framework; sourceTree = SDKROOT; };
		D592243E1D44090A000D644B /* MapModel.swift */ = {isa = PBXFileReference; fileEncoding = 4; lastKnownFileType = sourcecode.swift; path = MapModel.swift; sourceTree = "<group>"; };
		D59224411D46C119000D644B /* Extension_CLLocationCoordinate2D.swift */ = {isa = PBXFileReference; fileEncoding = 4; lastKnownFileType = sourcecode.swift; path = Extension_CLLocationCoordinate2D.swift; sourceTree = "<group>"; };
		D59C88EE1D41591100620064 /* Virtual Tourist.app */ = {isa = PBXFileReference; explicitFileType = wrapper.application; includeInIndex = 0; path = "Virtual Tourist.app"; sourceTree = BUILT_PRODUCTS_DIR; };
		D59C88F11D41591100620064 /* AppDelegate.swift */ = {isa = PBXFileReference; lastKnownFileType = sourcecode.swift; path = AppDelegate.swift; sourceTree = "<group>"; };
		D59C88F31D41591100620064 /* MapViewController.swift */ = {isa = PBXFileReference; lastKnownFileType = sourcecode.swift; path = MapViewController.swift; sourceTree = "<group>"; };
		D59C88F61D41591100620064 /* Base */ = {isa = PBXFileReference; lastKnownFileType = file.storyboard; name = Base; path = Base.lproj/Main.storyboard; sourceTree = "<group>"; };
		D59C88F91D41591100620064 /* Virtual_Tourist.xcdatamodel */ = {isa = PBXFileReference; lastKnownFileType = wrapper.xcdatamodel; path = Virtual_Tourist.xcdatamodel; sourceTree = "<group>"; };
		D59C88FB1D41591100620064 /* Assets.xcassets */ = {isa = PBXFileReference; lastKnownFileType = folder.assetcatalog; path = Assets.xcassets; sourceTree = "<group>"; };
		D59C88FE1D41591100620064 /* Base */ = {isa = PBXFileReference; lastKnownFileType = file.storyboard; name = Base; path = Base.lproj/LaunchScreen.storyboard; sourceTree = "<group>"; };
		D59C89001D41591100620064 /* Info.plist */ = {isa = PBXFileReference; lastKnownFileType = text.plist.xml; path = Info.plist; sourceTree = "<group>"; };
		D59C89051D41591100620064 /* Virtual TouristTests.xctest */ = {isa = PBXFileReference; explicitFileType = wrapper.cfbundle; includeInIndex = 0; path = "Virtual TouristTests.xctest"; sourceTree = BUILT_PRODUCTS_DIR; };
		D59C89101D41591100620064 /* Virtual TouristUITests.xctest */ = {isa = PBXFileReference; explicitFileType = wrapper.cfbundle; includeInIndex = 0; path = "Virtual TouristUITests.xctest"; sourceTree = BUILT_PRODUCTS_DIR; };
		D59C89141D41591100620064 /* Virtual_TouristUITests.swift */ = {isa = PBXFileReference; lastKnownFileType = sourcecode.swift; path = Virtual_TouristUITests.swift; sourceTree = "<group>"; };
		D59C89161D41591100620064 /* Info.plist */ = {isa = PBXFileReference; lastKnownFileType = text.plist.xml; path = Info.plist; sourceTree = "<group>"; };
		D5C321A11D56B20600677C11 /* Pin+CoreDataProperties.swift */ = {isa = PBXFileReference; fileEncoding = 4; lastKnownFileType = sourcecode.swift; path = "Pin+CoreDataProperties.swift"; sourceTree = "<group>"; };
		D5C321A21D56B20600677C11 /* Pin.swift */ = {isa = PBXFileReference; fileEncoding = 4; lastKnownFileType = sourcecode.swift; path = Pin.swift; sourceTree = "<group>"; };
		D5C321A31D56B20600677C11 /* Photo+CoreDataProperties.swift */ = {isa = PBXFileReference; fileEncoding = 4; lastKnownFileType = sourcecode.swift; path = "Photo+CoreDataProperties.swift"; sourceTree = "<group>"; };
		D5C321A41D56B20600677C11 /* Photo.swift */ = {isa = PBXFileReference; fileEncoding = 4; lastKnownFileType = sourcecode.swift; path = Photo.swift; sourceTree = "<group>"; };
		D5C321D21D5A5E7000677C11 /* PhotoAlbumViewController.swift */ = {isa = PBXFileReference; fileEncoding = 4; lastKnownFileType = sourcecode.swift; path = PhotoAlbumViewController.swift; sourceTree = "<group>"; };
		D5DCB9BA1D5E46390083E26B /* Info.plist */ = {isa = PBXFileReference; fileEncoding = 4; lastKnownFileType = text.plist.xml; path = Info.plist; sourceTree = "<group>"; };
		D5DCB9BB1D5E46390083E26B /* Virtual_TouristTests.swift */ = {isa = PBXFileReference; fileEncoding = 4; lastKnownFileType = sourcecode.swift; path = Virtual_TouristTests.swift; sourceTree = "<group>"; };
		D5DCB9BE1D5E46750083E26B /* Flickr.swift */ = {isa = PBXFileReference; fileEncoding = 4; lastKnownFileType = sourcecode.swift; path = Flickr.swift; sourceTree = "<group>"; };
		D5DCB9BF1D5E46750083E26B /* FlickrConstants.swift */ = {isa = PBXFileReference; fileEncoding = 4; lastKnownFileType = sourcecode.swift; path = FlickrConstants.swift; sourceTree = "<group>"; };
		D5DCB9C41D60391C0083E26B /* Extension_NSNotificationCenter.swift */ = {isa = PBXFileReference; fileEncoding = 4; lastKnownFileType = sourcecode.swift; path = Extension_NSNotificationCenter.swift; sourceTree = "<group>"; };
		D5DCB9C61D623F740083E26B /* OperatorOverloads.swift */ = {isa = PBXFileReference; fileEncoding = 4; lastKnownFileType = sourcecode.swift; path = OperatorOverloads.swift; sourceTree = "<group>"; };
		D5DCB9C81D663D220083E26B /* Extension_SCNetworkReachability.swift */ = {isa = PBXFileReference; fileEncoding = 4; lastKnownFileType = sourcecode.swift; path = Extension_SCNetworkReachability.swift; sourceTree = "<group>"; };
/* End PBXFileReference section */

/* Begin PBXFrameworksBuildPhase section */
		D59C88EB1D41591100620064 /* Frameworks */ = {
			isa = PBXFrameworksBuildPhase;
			buildActionMask = 2147483647;
			files = (
				D592243D1D416809000D644B /* MapKit.framework in Frameworks */,
			);
			runOnlyForDeploymentPostprocessing = 0;
		};
		D59C89021D41591100620064 /* Frameworks */ = {
			isa = PBXFrameworksBuildPhase;
			buildActionMask = 2147483647;
			files = (
			);
			runOnlyForDeploymentPostprocessing = 0;
		};
		D59C890D1D41591100620064 /* Frameworks */ = {
			isa = PBXFrameworksBuildPhase;
			buildActionMask = 2147483647;
			files = (
			);
			runOnlyForDeploymentPostprocessing = 0;
		};
/* End PBXFrameworksBuildPhase section */

/* Begin PBXGroup section */
		D59224401D46C0C8000D644B /* Extensions */ = {
			isa = PBXGroup;
			children = (
				D5DCB9C61D623F740083E26B /* OperatorOverloads.swift */,
				D59224411D46C119000D644B /* Extension_CLLocationCoordinate2D.swift */,
				D5DCB9C41D60391C0083E26B /* Extension_NSNotificationCenter.swift */,
				D5DCB9C81D663D220083E26B /* Extension_SCNetworkReachability.swift */,
				D567A7411D6A1F38008F28AA /* Extension_NSFetchRequest.swift */,
			);
			name = Extensions;
			sourceTree = "<group>";
		};
		D59C88E51D41591100620064 = {
			isa = PBXGroup;
			children = (
				D592243C1D416809000D644B /* MapKit.framework */,
				D59C88F01D41591100620064 /* Virtual Tourist */,
				D59C89081D41591100620064 /* Virtual TouristTests */,
				D59C89131D41591100620064 /* Virtual TouristUITests */,
				D59C88EF1D41591100620064 /* Products */,
			);
			sourceTree = "<group>";
		};
		D59C88EF1D41591100620064 /* Products */ = {
			isa = PBXGroup;
			children = (
				D59C88EE1D41591100620064 /* Virtual Tourist.app */,
				D59C89051D41591100620064 /* Virtual TouristTests.xctest */,
				D59C89101D41591100620064 /* Virtual TouristUITests.xctest */,
			);
			name = Products;
			sourceTree = "<group>";
		};
		D59C88F01D41591100620064 /* Virtual Tourist */ = {
			isa = PBXGroup;
			children = (
				D59C89231D415F7300620064 /* Views */,
				D59C89221D415F5500620064 /* ViewControllers */,
				D59C89241D415F8E00620064 /* Models */,
				D59224401D46C0C8000D644B /* Extensions */,
				D59C89251D415FA900620064 /* Supporting Files */,
			);
			path = "Virtual Tourist";
			sourceTree = "<group>";
		};
		D59C89081D41591100620064 /* Virtual TouristTests */ = {
			isa = PBXGroup;
			children = (
				D5DCB9BB1D5E46390083E26B /* Virtual_TouristTests.swift */,
				D5DCB9BA1D5E46390083E26B /* Info.plist */,
			);
			path = "Virtual TouristTests";
			sourceTree = "<group>";
		};
		D59C89131D41591100620064 /* Virtual TouristUITests */ = {
			isa = PBXGroup;
			children = (
				D59C89141D41591100620064 /* Virtual_TouristUITests.swift */,
				D59C89161D41591100620064 /* Info.plist */,
			);
			path = "Virtual TouristUITests";
			sourceTree = "<group>";
		};
		D59C89221D415F5500620064 /* ViewControllers */ = {
			isa = PBXGroup;
			children = (
				D59C88F31D41591100620064 /* MapViewController.swift */,
				D5C321D21D5A5E7000677C11 /* PhotoAlbumViewController.swift */,
				D567A73F1D677D7A008F28AA /* PhotoAlbumViewFlowLayout.swift */,
			);
			name = ViewControllers;
			sourceTree = "<group>";
		};
		D59C89231D415F7300620064 /* Views */ = {
			isa = PBXGroup;
			children = (
				D59C88F51D41591100620064 /* Main.storyboard */,
				D59C88FB1D41591100620064 /* Assets.xcassets */,
				D59C88FD1D41591100620064 /* LaunchScreen.storyboard */,
			);
			name = Views;
			sourceTree = "<group>";
		};
		D59C89241D415F8E00620064 /* Models */ = {
			isa = PBXGroup;
			children = (
				D59C88F81D41591100620064 /* Virtual_Tourist.xcdatamodeld */,
				D5C321A21D56B20600677C11 /* Pin.swift */,
				D5C321A41D56B20600677C11 /* Photo.swift */,
				D5C321A11D56B20600677C11 /* Pin+CoreDataProperties.swift */,
				D5C321A31D56B20600677C11 /* Photo+CoreDataProperties.swift */,
				D52938B11D48103C003CCD2A /* CoreDataStack.swift */,
				D592243E1D44090A000D644B /* MapModel.swift */,
				D5DCB9BF1D5E46750083E26B /* FlickrConstants.swift */,
				D5DCB9BE1D5E46750083E26B /* Flickr.swift */,
			);
			name = Models;
			sourceTree = "<group>";
		};
		D59C89251D415FA900620064 /* Supporting Files */ = {
			isa = PBXGroup;
			children = (
				D59C88F11D41591100620064 /* AppDelegate.swift */,
				D59C89001D41591100620064 /* Info.plist */,
			);
			name = "Supporting Files";
			sourceTree = "<group>";
		};
/* End PBXGroup section */

/* Begin PBXNativeTarget section */
		D59C88ED1D41591100620064 /* Virtual Tourist */ = {
			isa = PBXNativeTarget;
			buildConfigurationList = D59C89191D41591100620064 /* Build configuration list for PBXNativeTarget "Virtual Tourist" */;
			buildPhases = (
				D59C88EA1D41591100620064 /* Sources */,
				D59C88EB1D41591100620064 /* Frameworks */,
				D59C88EC1D41591100620064 /* Resources */,
			);
			buildRules = (
			);
			dependencies = (
			);
			name = "Virtual Tourist";
			productName = "Virtual Tourist";
			productReference = D59C88EE1D41591100620064 /* Virtual Tourist.app */;
			productType = "com.apple.product-type.application";
		};
		D59C89041D41591100620064 /* Virtual TouristTests */ = {
			isa = PBXNativeTarget;
			buildConfigurationList = D59C891C1D41591100620064 /* Build configuration list for PBXNativeTarget "Virtual TouristTests" */;
			buildPhases = (
				D59C89011D41591100620064 /* Sources */,
				D59C89021D41591100620064 /* Frameworks */,
				D59C89031D41591100620064 /* Resources */,
			);
			buildRules = (
			);
			dependencies = (
				D59C89071D41591100620064 /* PBXTargetDependency */,
			);
			name = "Virtual TouristTests";
			productName = "Virtual TouristTests";
			productReference = D59C89051D41591100620064 /* Virtual TouristTests.xctest */;
			productType = "com.apple.product-type.bundle.unit-test";
		};
		D59C890F1D41591100620064 /* Virtual TouristUITests */ = {
			isa = PBXNativeTarget;
			buildConfigurationList = D59C891F1D41591100620064 /* Build configuration list for PBXNativeTarget "Virtual TouristUITests" */;
			buildPhases = (
				D59C890C1D41591100620064 /* Sources */,
				D59C890D1D41591100620064 /* Frameworks */,
				D59C890E1D41591100620064 /* Resources */,
			);
			buildRules = (
			);
			dependencies = (
				D59C89121D41591100620064 /* PBXTargetDependency */,
			);
			name = "Virtual TouristUITests";
			productName = "Virtual TouristUITests";
			productReference = D59C89101D41591100620064 /* Virtual TouristUITests.xctest */;
			productType = "com.apple.product-type.bundle.ui-testing";
		};
/* End PBXNativeTarget section */

/* Begin PBXProject section */
		D59C88E61D41591100620064 /* Project object */ = {
			isa = PBXProject;
			attributes = {
				LastSwiftUpdateCheck = 0730;
				LastUpgradeCheck = 0730;
				ORGANIZATIONNAME = leanne63;
				TargetAttributes = {
					D59C88ED1D41591100620064 = {
						CreatedOnToolsVersion = 7.3.1;
					};
					D59C89041D41591100620064 = {
						CreatedOnToolsVersion = 7.3.1;
						TestTargetID = D59C88ED1D41591100620064;
					};
					D59C890F1D41591100620064 = {
						CreatedOnToolsVersion = 7.3.1;
						TestTargetID = D59C88ED1D41591100620064;
					};
				};
			};
			buildConfigurationList = D59C88E91D41591100620064 /* Build configuration list for PBXProject "Virtual Tourist" */;
			compatibilityVersion = "Xcode 3.2";
			developmentRegion = English;
			hasScannedForEncodings = 0;
			knownRegions = (
				en,
				Base,
			);
			mainGroup = D59C88E51D41591100620064;
			productRefGroup = D59C88EF1D41591100620064 /* Products */;
			projectDirPath = "";
			projectRoot = "";
			targets = (
				D59C88ED1D41591100620064 /* Virtual Tourist */,
				D59C89041D41591100620064 /* Virtual TouristTests */,
				D59C890F1D41591100620064 /* Virtual TouristUITests */,
			);
		};
/* End PBXProject section */

/* Begin PBXResourcesBuildPhase section */
		D59C88EC1D41591100620064 /* Resources */ = {
			isa = PBXResourcesBuildPhase;
			buildActionMask = 2147483647;
			files = (
				D59C88FF1D41591100620064 /* LaunchScreen.storyboard in Resources */,
				D59C88FC1D41591100620064 /* Assets.xcassets in Resources */,
				D59C88F71D41591100620064 /* Main.storyboard in Resources */,
			);
			runOnlyForDeploymentPostprocessing = 0;
		};
		D59C89031D41591100620064 /* Resources */ = {
			isa = PBXResourcesBuildPhase;
			buildActionMask = 2147483647;
			files = (
				D5DCB9BC1D5E46390083E26B /* Info.plist in Resources */,
			);
			runOnlyForDeploymentPostprocessing = 0;
		};
		D59C890E1D41591100620064 /* Resources */ = {
			isa = PBXResourcesBuildPhase;
			buildActionMask = 2147483647;
			files = (
			);
			runOnlyForDeploymentPostprocessing = 0;
		};
/* End PBXResourcesBuildPhase section */

/* Begin PBXSourcesBuildPhase section */
		D59C88EA1D41591100620064 /* Sources */ = {
			isa = PBXSourcesBuildPhase;
			buildActionMask = 2147483647;
			files = (
				D5DCB9C11D5E46750083E26B /* FlickrConstants.swift in Sources */,
				D59C88F41D41591100620064 /* MapViewController.swift in Sources */,
				D567A7401D677D7A008F28AA /* PhotoAlbumViewFlowLayout.swift in Sources */,
				D5DCB9C01D5E46750083E26B /* Flickr.swift in Sources */,
				D592243F1D44090A000D644B /* MapModel.swift in Sources */,
				D59C88FA1D41591100620064 /* Virtual_Tourist.xcdatamodeld in Sources */,
				D5C321A61D56B20600677C11 /* Pin.swift in Sources */,
				D5C321A81D56B20600677C11 /* Photo.swift in Sources */,
				D5C321D31D5A5E7000677C11 /* PhotoAlbumViewController.swift in Sources */,
				D5C321A51D56B20600677C11 /* Pin+CoreDataProperties.swift in Sources */,
				D52938B21D48103C003CCD2A /* CoreDataStack.swift in Sources */,
				D5C321A71D56B20600677C11 /* Photo+CoreDataProperties.swift in Sources */,
				D59224421D46C119000D644B /* Extension_CLLocationCoordinate2D.swift in Sources */,
				D5DCB9C71D623F740083E26B /* OperatorOverloads.swift in Sources */,
				D5DCB9C91D663D220083E26B /* Extension_SCNetworkReachability.swift in Sources */,
				D5DCB9C51D60391C0083E26B /* Extension_NSNotificationCenter.swift in Sources */,
				D59C88F21D41591100620064 /* AppDelegate.swift in Sources */,
				D567A7421D6A1F38008F28AA /* Extension_NSFetchRequest.swift in Sources */,
			);
			runOnlyForDeploymentPostprocessing = 0;
		};
		D59C89011D41591100620064 /* Sources */ = {
			isa = PBXSourcesBuildPhase;
			buildActionMask = 2147483647;
			files = (
				D5DCB9BD1D5E46390083E26B /* Virtual_TouristTests.swift in Sources */,
			);
			runOnlyForDeploymentPostprocessing = 0;
		};
		D59C890C1D41591100620064 /* Sources */ = {
			isa = PBXSourcesBuildPhase;
			buildActionMask = 2147483647;
			files = (
				D59C89151D41591100620064 /* Virtual_TouristUITests.swift in Sources */,
			);
			runOnlyForDeploymentPostprocessing = 0;
		};
/* End PBXSourcesBuildPhase section */

/* Begin PBXTargetDependency section */
		D59C89071D41591100620064 /* PBXTargetDependency */ = {
			isa = PBXTargetDependency;
			target = D59C88ED1D41591100620064 /* Virtual Tourist */;
			targetProxy = D59C89061D41591100620064 /* PBXContainerItemProxy */;
		};
		D59C89121D41591100620064 /* PBXTargetDependency */ = {
			isa = PBXTargetDependency;
			target = D59C88ED1D41591100620064 /* Virtual Tourist */;
			targetProxy = D59C89111D41591100620064 /* PBXContainerItemProxy */;
		};
/* End PBXTargetDependency section */

/* Begin PBXVariantGroup section */
		D59C88F51D41591100620064 /* Main.storyboard */ = {
			isa = PBXVariantGroup;
			children = (
				D59C88F61D41591100620064 /* Base */,
			);
			name = Main.storyboard;
			sourceTree = "<group>";
		};
		D59C88FD1D41591100620064 /* LaunchScreen.storyboard */ = {
			isa = PBXVariantGroup;
			children = (
				D59C88FE1D41591100620064 /* Base */,
			);
			name = LaunchScreen.storyboard;
			sourceTree = "<group>";
		};
/* End PBXVariantGroup section */

/* Begin XCBuildConfiguration section */
		D59C89171D41591100620064 /* Debug */ = {
			isa = XCBuildConfiguration;
			buildSettings = {
				ALWAYS_SEARCH_USER_PATHS = NO;
				CLANG_ANALYZER_NONNULL = YES;
				CLANG_CXX_LANGUAGE_STANDARD = "gnu++0x";
				CLANG_CXX_LIBRARY = "libc++";
				CLANG_ENABLE_MODULES = YES;
				CLANG_ENABLE_OBJC_ARC = YES;
				CLANG_WARN_BOOL_CONVERSION = YES;
				CLANG_WARN_CONSTANT_CONVERSION = YES;
				CLANG_WARN_DIRECT_OBJC_ISA_USAGE = YES_ERROR;
				CLANG_WARN_EMPTY_BODY = YES;
				CLANG_WARN_ENUM_CONVERSION = YES;
				CLANG_WARN_INT_CONVERSION = YES;
				CLANG_WARN_OBJC_ROOT_CLASS = YES_ERROR;
				CLANG_WARN_UNREACHABLE_CODE = YES;
				CLANG_WARN__DUPLICATE_METHOD_MATCH = YES;
				"CODE_SIGN_IDENTITY[sdk=iphoneos*]" = "iPhone Developer";
				COPY_PHASE_STRIP = NO;
				DEBUG_INFORMATION_FORMAT = dwarf;
				ENABLE_STRICT_OBJC_MSGSEND = YES;
				ENABLE_TESTABILITY = YES;
				GCC_C_LANGUAGE_STANDARD = gnu99;
				GCC_DYNAMIC_NO_PIC = NO;
				GCC_NO_COMMON_BLOCKS = YES;
				GCC_OPTIMIZATION_LEVEL = 0;
				GCC_PREPROCESSOR_DEFINITIONS = (
					"DEBUG=1",
					"$(inherited)",
				);
				GCC_WARN_64_TO_32_BIT_CONVERSION = YES;
				GCC_WARN_ABOUT_RETURN_TYPE = YES_ERROR;
				GCC_WARN_UNDECLARED_SELECTOR = YES;
				GCC_WARN_UNINITIALIZED_AUTOS = YES_AGGRESSIVE;
				GCC_WARN_UNUSED_FUNCTION = YES;
				GCC_WARN_UNUSED_VARIABLE = YES;
				IPHONEOS_DEPLOYMENT_TARGET = 9.3;
				MTL_ENABLE_DEBUG_INFO = YES;
				ONLY_ACTIVE_ARCH = YES;
				SDKROOT = iphoneos;
				SWIFT_OPTIMIZATION_LEVEL = "-Onone";
				TARGETED_DEVICE_FAMILY = "1,2";
			};
			name = Debug;
		};
		D59C89181D41591100620064 /* Release */ = {
			isa = XCBuildConfiguration;
			buildSettings = {
				ALWAYS_SEARCH_USER_PATHS = NO;
				CLANG_ANALYZER_NONNULL = YES;
				CLANG_CXX_LANGUAGE_STANDARD = "gnu++0x";
				CLANG_CXX_LIBRARY = "libc++";
				CLANG_ENABLE_MODULES = YES;
				CLANG_ENABLE_OBJC_ARC = YES;
				CLANG_WARN_BOOL_CONVERSION = YES;
				CLANG_WARN_CONSTANT_CONVERSION = YES;
				CLANG_WARN_DIRECT_OBJC_ISA_USAGE = YES_ERROR;
				CLANG_WARN_EMPTY_BODY = YES;
				CLANG_WARN_ENUM_CONVERSION = YES;
				CLANG_WARN_INT_CONVERSION = YES;
				CLANG_WARN_OBJC_ROOT_CLASS = YES_ERROR;
				CLANG_WARN_UNREACHABLE_CODE = YES;
				CLANG_WARN__DUPLICATE_METHOD_MATCH = YES;
				"CODE_SIGN_IDENTITY[sdk=iphoneos*]" = "iPhone Developer";
				COPY_PHASE_STRIP = NO;
				DEBUG_INFORMATION_FORMAT = "dwarf-with-dsym";
				ENABLE_NS_ASSERTIONS = NO;
				ENABLE_STRICT_OBJC_MSGSEND = YES;
				GCC_C_LANGUAGE_STANDARD = gnu99;
				GCC_NO_COMMON_BLOCKS = YES;
				GCC_WARN_64_TO_32_BIT_CONVERSION = YES;
				GCC_WARN_ABOUT_RETURN_TYPE = YES_ERROR;
				GCC_WARN_UNDECLARED_SELECTOR = YES;
				GCC_WARN_UNINITIALIZED_AUTOS = YES_AGGRESSIVE;
				GCC_WARN_UNUSED_FUNCTION = YES;
				GCC_WARN_UNUSED_VARIABLE = YES;
				IPHONEOS_DEPLOYMENT_TARGET = 9.3;
				MTL_ENABLE_DEBUG_INFO = NO;
				SDKROOT = iphoneos;
				TARGETED_DEVICE_FAMILY = "1,2";
				VALIDATE_PRODUCT = YES;
			};
			name = Release;
		};
		D59C891A1D41591100620064 /* Debug */ = {
			isa = XCBuildConfiguration;
			buildSettings = {
				ASSETCATALOG_COMPILER_APPICON_NAME = AppIcon;
				INFOPLIST_FILE = "Virtual Tourist/Info.plist";
				LD_RUNPATH_SEARCH_PATHS = "$(inherited) @executable_path/Frameworks";
				PRODUCT_BUNDLE_IDENTIFIER = "com.leanne63.Virtual-Tourist";
				PRODUCT_NAME = "$(TARGET_NAME)";
			};
			name = Debug;
		};
		D59C891B1D41591100620064 /* Release */ = {
			isa = XCBuildConfiguration;
			buildSettings = {
				ASSETCATALOG_COMPILER_APPICON_NAME = AppIcon;
				INFOPLIST_FILE = "Virtual Tourist/Info.plist";
				LD_RUNPATH_SEARCH_PATHS = "$(inherited) @executable_path/Frameworks";
				PRODUCT_BUNDLE_IDENTIFIER = "com.leanne63.Virtual-Tourist";
				PRODUCT_NAME = "$(TARGET_NAME)";
			};
			name = Release;
		};
		D59C891D1D41591100620064 /* Debug */ = {
			isa = XCBuildConfiguration;
			buildSettings = {
				BUNDLE_LOADER = "$(TEST_HOST)";
				INFOPLIST_FILE = "Virtual TouristTests/Info.plist";
				LD_RUNPATH_SEARCH_PATHS = "$(inherited) @executable_path/Frameworks @loader_path/Frameworks";
				PRODUCT_BUNDLE_IDENTIFIER = "com.leanne63.Virtual-TouristTests";
				PRODUCT_NAME = "$(TARGET_NAME)";
				TEST_HOST = "$(BUILT_PRODUCTS_DIR)/Virtual Tourist.app/Virtual Tourist";
			};
			name = Debug;
		};
		D59C891E1D41591100620064 /* Release */ = {
			isa = XCBuildConfiguration;
			buildSettings = {
				BUNDLE_LOADER = "$(TEST_HOST)";
				INFOPLIST_FILE = "Virtual TouristTests/Info.plist";
				LD_RUNPATH_SEARCH_PATHS = "$(inherited) @executable_path/Frameworks @loader_path/Frameworks";
				PRODUCT_BUNDLE_IDENTIFIER = "com.leanne63.Virtual-TouristTests";
				PRODUCT_NAME = "$(TARGET_NAME)";
				TEST_HOST = "$(BUILT_PRODUCTS_DIR)/Virtual Tourist.app/Virtual Tourist";
			};
			name = Release;
		};
		D59C89201D41591100620064 /* Debug */ = {
			isa = XCBuildConfiguration;
			buildSettings = {
				INFOPLIST_FILE = "Virtual TouristUITests/Info.plist";
				LD_RUNPATH_SEARCH_PATHS = "$(inherited) @executable_path/Frameworks @loader_path/Frameworks";
				PRODUCT_BUNDLE_IDENTIFIER = "com.leanne63.Virtual-TouristUITests";
				PRODUCT_NAME = "$(TARGET_NAME)";
				TEST_TARGET_NAME = "Virtual Tourist";
			};
			name = Debug;
		};
		D59C89211D41591100620064 /* Release */ = {
			isa = XCBuildConfiguration;
			buildSettings = {
				INFOPLIST_FILE = "Virtual TouristUITests/Info.plist";
				LD_RUNPATH_SEARCH_PATHS = "$(inherited) @executable_path/Frameworks @loader_path/Frameworks";
				PRODUCT_BUNDLE_IDENTIFIER = "com.leanne63.Virtual-TouristUITests";
				PRODUCT_NAME = "$(TARGET_NAME)";
				TEST_TARGET_NAME = "Virtual Tourist";
			};
			name = Release;
		};
/* End XCBuildConfiguration section */

/* Begin XCConfigurationList section */
		D59C88E91D41591100620064 /* Build configuration list for PBXProject "Virtual Tourist" */ = {
			isa = XCConfigurationList;
			buildConfigurations = (
				D59C89171D41591100620064 /* Debug */,
				D59C89181D41591100620064 /* Release */,
			);
			defaultConfigurationIsVisible = 0;
			defaultConfigurationName = Release;
		};
		D59C89191D41591100620064 /* Build configuration list for PBXNativeTarget "Virtual Tourist" */ = {
			isa = XCConfigurationList;
			buildConfigurations = (
				D59C891A1D41591100620064 /* Debug */,
				D59C891B1D41591100620064 /* Release */,
			);
			defaultConfigurationIsVisible = 0;
			defaultConfigurationName = Release;
		};
		D59C891C1D41591100620064 /* Build configuration list for PBXNativeTarget "Virtual TouristTests" */ = {
			isa = XCConfigurationList;
			buildConfigurations = (
				D59C891D1D41591100620064 /* Debug */,
				D59C891E1D41591100620064 /* Release */,
			);
			defaultConfigurationIsVisible = 0;
			defaultConfigurationName = Release;
		};
		D59C891F1D41591100620064 /* Build configuration list for PBXNativeTarget "Virtual TouristUITests" */ = {
			isa = XCConfigurationList;
			buildConfigurations = (
				D59C89201D41591100620064 /* Debug */,
				D59C89211D41591100620064 /* Release */,
			);
			defaultConfigurationIsVisible = 0;
			defaultConfigurationName = Release;
		};
/* End XCConfigurationList section */

/* Begin XCVersionGroup section */
		D59C88F81D41591100620064 /* Virtual_Tourist.xcdatamodeld */ = {
			isa = XCVersionGroup;
			children = (
				D59C88F91D41591100620064 /* Virtual_Tourist.xcdatamodel */,
			);
			currentVersion = D59C88F91D41591100620064 /* Virtual_Tourist.xcdatamodel */;
			path = Virtual_Tourist.xcdatamodeld;
			sourceTree = "<group>";
			versionGroupType = wrapper.xcdatamodel;
		};
/* End XCVersionGroup section */
	};
	rootObject = D59C88E61D41591100620064 /* Project object */;
}
